// !$*UTF8*$!
{
	archiveVersion = 1;
	classes = {
	};
	objectVersion = 56;
	objects = {

/* Begin PBXBuildFile section */
		2EC868E72C1C805B007BC170 /* AppDelegate.swift in Sources */ = {isa = PBXBuildFile; fileRef = 2EC868E62C1C805B007BC170 /* AppDelegate.swift */; };
		2EC868E92C1C805B007BC170 /* SceneDelegate.swift in Sources */ = {isa = PBXBuildFile; fileRef = 2EC868E82C1C805B007BC170 /* SceneDelegate.swift */; };
		2EC868F02C1C805C007BC170 /* Assets.xcassets in Resources */ = {isa = PBXBuildFile; fileRef = 2EC868EF2C1C805C007BC170 /* Assets.xcassets */; };
		2EC868F32C1C805C007BC170 /* Base in Resources */ = {isa = PBXBuildFile; fileRef = 2EC868F22C1C805C007BC170 /* Base */; };
		2EC868FC2C1C813E007BC170 /* RootViewController.swift in Sources */ = {isa = PBXBuildFile; fileRef = 2EC868FB2C1C813E007BC170 /* RootViewController.swift */; };
		2EC868FE2C1C8245007BC170 /* MainView.swift in Sources */ = {isa = PBXBuildFile; fileRef = 2EC868FD2C1C8245007BC170 /* MainView.swift */; };
		2EC869002C1C860F007BC170 /* TVView.swift in Sources */ = {isa = PBXBuildFile; fileRef = 2EC868FF2C1C860F007BC170 /* TVView.swift */; };
		2EC869032C1C86DD007BC170 /* TVCommanderKit in Frameworks */ = {isa = PBXBuildFile; productRef = 2EC869022C1C86DD007BC170 /* TVCommanderKit */; };
		2EC869072C1C87FA007BC170 /* MainViewModel.swift in Sources */ = {isa = PBXBuildFile; fileRef = 2EC869062C1C87FA007BC170 /* MainViewModel.swift */; };
		2EC869092C1C88F9007BC170 /* TVViewModel.swift in Sources */ = {isa = PBXBuildFile; fileRef = 2EC869082C1C88F9007BC170 /* TVViewModel.swift */; };
/* End PBXBuildFile section */

/* Begin PBXFileReference section */
		2EC868E32C1C805B007BC170 /* TvRemoteControllerSamsung.app */ = {isa = PBXFileReference; explicitFileType = wrapper.application; includeInIndex = 0; path = TvRemoteControllerSamsung.app; sourceTree = BUILT_PRODUCTS_DIR; };
		2EC868E62C1C805B007BC170 /* AppDelegate.swift */ = {isa = PBXFileReference; lastKnownFileType = sourcecode.swift; path = AppDelegate.swift; sourceTree = "<group>"; };
		2EC868E82C1C805B007BC170 /* SceneDelegate.swift */ = {isa = PBXFileReference; lastKnownFileType = sourcecode.swift; path = SceneDelegate.swift; sourceTree = "<group>"; };
		2EC868EF2C1C805C007BC170 /* Assets.xcassets */ = {isa = PBXFileReference; lastKnownFileType = folder.assetcatalog; path = Assets.xcassets; sourceTree = "<group>"; };
		2EC868F22C1C805C007BC170 /* Base */ = {isa = PBXFileReference; lastKnownFileType = file.storyboard; name = Base; path = Base.lproj/LaunchScreen.storyboard; sourceTree = "<group>"; };
		2EC868F42C1C805C007BC170 /* Info.plist */ = {isa = PBXFileReference; lastKnownFileType = text.plist.xml; path = Info.plist; sourceTree = "<group>"; };
		2EC868FA2C1C8080007BC170 /* TvRemoteControllerSamsung.entitlements */ = {isa = PBXFileReference; lastKnownFileType = text.plist.entitlements; path = TvRemoteControllerSamsung.entitlements; sourceTree = "<group>"; };
		2EC868FB2C1C813E007BC170 /* RootViewController.swift */ = {isa = PBXFileReference; fileEncoding = 4; lastKnownFileType = sourcecode.swift; path = RootViewController.swift; sourceTree = "<group>"; };
		2EC868FD2C1C8245007BC170 /* MainView.swift */ = {isa = PBXFileReference; lastKnownFileType = sourcecode.swift; path = MainView.swift; sourceTree = "<group>"; };
		2EC868FF2C1C860F007BC170 /* TVView.swift */ = {isa = PBXFileReference; lastKnownFileType = sourcecode.swift; path = TVView.swift; sourceTree = "<group>"; };
		2EC869062C1C87FA007BC170 /* MainViewModel.swift */ = {isa = PBXFileReference; lastKnownFileType = sourcecode.swift; path = MainViewModel.swift; sourceTree = "<group>"; };
		2EC869082C1C88F9007BC170 /* TVViewModel.swift */ = {isa = PBXFileReference; lastKnownFileType = sourcecode.swift; path = TVViewModel.swift; sourceTree = "<group>"; };
/* End PBXFileReference section */

/* Begin PBXFrameworksBuildPhase section */
		2EC868E02C1C805B007BC170 /* Frameworks */ = {
			isa = PBXFrameworksBuildPhase;
			buildActionMask = 2147483647;
			files = (
				2EC869032C1C86DD007BC170 /* TVCommanderKit in Frameworks */,
			);
			runOnlyForDeploymentPostprocessing = 0;
		};
/* End PBXFrameworksBuildPhase section */

/* Begin PBXGroup section */
		2EC868DA2C1C805B007BC170 = {
			isa = PBXGroup;
			children = (
				2EC868E52C1C805B007BC170 /* TvRemoteControllerSamsung */,
				2EC868E42C1C805B007BC170 /* Products */,
			);
			sourceTree = "<group>";
		};
		2EC868E42C1C805B007BC170 /* Products */ = {
			isa = PBXGroup;
			children = (
				2EC868E32C1C805B007BC170 /* TvRemoteControllerSamsung.app */,
			);
			name = Products;
			sourceTree = "<group>";
		};
		2EC868E52C1C805B007BC170 /* TvRemoteControllerSamsung */ = {
			isa = PBXGroup;
			children = (
				2EC868FA2C1C8080007BC170 /* TvRemoteControllerSamsung.entitlements */,
				2EC8690A2C1C89E8007BC170 /* AppStart */,
				2EC869042C1C8735007BC170 /* MainScreen */,
				2EC869052C1C8743007BC170 /* TVScreen */,
				2EC868EF2C1C805C007BC170 /* Assets.xcassets */,
				2EC868F42C1C805C007BC170 /* Info.plist */,
			);
			path = TvRemoteControllerSamsung;
			sourceTree = "<group>";
		};
		2EC869042C1C8735007BC170 /* MainScreen */ = {
			isa = PBXGroup;
			children = (
				2EC868FD2C1C8245007BC170 /* MainView.swift */,
				2EC869062C1C87FA007BC170 /* MainViewModel.swift */,
			);
			path = MainScreen;
			sourceTree = "<group>";
		};
		2EC869052C1C8743007BC170 /* TVScreen */ = {
			isa = PBXGroup;
			children = (
				2EC868FF2C1C860F007BC170 /* TVView.swift */,
				2EC869082C1C88F9007BC170 /* TVViewModel.swift */,
			);
			path = TVScreen;
			sourceTree = "<group>";
		};
		2EC8690A2C1C89E8007BC170 /* AppStart */ = {
			isa = PBXGroup;
			children = (
				2EC868E62C1C805B007BC170 /* AppDelegate.swift */,
				2EC868E82C1C805B007BC170 /* SceneDelegate.swift */,
				2EC868FB2C1C813E007BC170 /* RootViewController.swift */,
				2EC868F12C1C805C007BC170 /* LaunchScreen.storyboard */,
			);
			path = AppStart;
			sourceTree = "<group>";
		};
/* End PBXGroup section */

/* Begin PBXNativeTarget section */
		2EC868E22C1C805B007BC170 /* TvRemoteControllerSamsung */ = {
			isa = PBXNativeTarget;
			buildConfigurationList = 2EC868F72C1C805C007BC170 /* Build configuration list for PBXNativeTarget "TvRemoteControllerSamsung" */;
			buildPhases = (
				2EC868DF2C1C805B007BC170 /* Sources */,
				2EC868E02C1C805B007BC170 /* Frameworks */,
				2EC868E12C1C805B007BC170 /* Resources */,
			);
			buildRules = (
			);
			dependencies = (
			);
			name = TvRemoteControllerSamsung;
			packageProductDependencies = (
				2EC869022C1C86DD007BC170 /* TVCommanderKit */,
			);
			productName = TvRemoteControllerSamsung;
			productReference = 2EC868E32C1C805B007BC170 /* TvRemoteControllerSamsung.app */;
			productType = "com.apple.product-type.application";
		};
/* End PBXNativeTarget section */

/* Begin PBXProject section */
		2EC868DB2C1C805B007BC170 /* Project object */ = {
			isa = PBXProject;
			attributes = {
				BuildIndependentTargetsInParallel = 1;
				LastSwiftUpdateCheck = 1540;
				LastUpgradeCheck = 1540;
				TargetAttributes = {
					2EC868E22C1C805B007BC170 = {
						CreatedOnToolsVersion = 15.4;
					};
				};
			};
			buildConfigurationList = 2EC868DE2C1C805B007BC170 /* Build configuration list for PBXProject "TvRemoteControllerSamsung" */;
			compatibilityVersion = "Xcode 14.0";
			developmentRegion = en;
			hasScannedForEncodings = 0;
			knownRegions = (
				en,
				Base,
			);
			mainGroup = 2EC868DA2C1C805B007BC170;
			packageReferences = (
				2EC869012C1C86DD007BC170 /* XCRemoteSwiftPackageReference "TVCommanderKit" */,
			);
			productRefGroup = 2EC868E42C1C805B007BC170 /* Products */;
			projectDirPath = "";
			projectRoot = "";
			targets = (
				2EC868E22C1C805B007BC170 /* TvRemoteControllerSamsung */,
			);
		};
/* End PBXProject section */

/* Begin PBXResourcesBuildPhase section */
		2EC868E12C1C805B007BC170 /* Resources */ = {
			isa = PBXResourcesBuildPhase;
			buildActionMask = 2147483647;
			files = (
				2EC868F02C1C805C007BC170 /* Assets.xcassets in Resources */,
				2EC868F32C1C805C007BC170 /* Base in Resources */,
			);
			runOnlyForDeploymentPostprocessing = 0;
		};
/* End PBXResourcesBuildPhase section */

/* Begin PBXSourcesBuildPhase section */
		2EC868DF2C1C805B007BC170 /* Sources */ = {
			isa = PBXSourcesBuildPhase;
			buildActionMask = 2147483647;
			files = (
				2EC868E72C1C805B007BC170 /* AppDelegate.swift in Sources */,
				2EC868FE2C1C8245007BC170 /* MainView.swift in Sources */,
				2EC868FC2C1C813E007BC170 /* RootViewController.swift in Sources */,
				2EC868E92C1C805B007BC170 /* SceneDelegate.swift in Sources */,
				2EC869002C1C860F007BC170 /* TVView.swift in Sources */,
				2EC869072C1C87FA007BC170 /* MainViewModel.swift in Sources */,
				2EC869092C1C88F9007BC170 /* TVViewModel.swift in Sources */,
			);
			runOnlyForDeploymentPostprocessing = 0;
		};
/* End PBXSourcesBuildPhase section */

/* Begin PBXVariantGroup section */
		2EC868F12C1C805C007BC170 /* LaunchScreen.storyboard */ = {
			isa = PBXVariantGroup;
			children = (
				2EC868F22C1C805C007BC170 /* Base */,
			);
			name = LaunchScreen.storyboard;
			sourceTree = "<group>";
		};
/* End PBXVariantGroup section */

/* Begin XCBuildConfiguration section */
		2EC868F52C1C805C007BC170 /* Debug */ = {
			isa = XCBuildConfiguration;
			buildSettings = {
				ALWAYS_SEARCH_USER_PATHS = NO;
				ASSETCATALOG_COMPILER_GENERATE_SWIFT_ASSET_SYMBOL_EXTENSIONS = YES;
				CLANG_ANALYZER_NONNULL = YES;
				CLANG_ANALYZER_NUMBER_OBJECT_CONVERSION = YES_AGGRESSIVE;
				CLANG_CXX_LANGUAGE_STANDARD = "gnu++20";
				CLANG_ENABLE_MODULES = YES;
				CLANG_ENABLE_OBJC_ARC = YES;
				CLANG_ENABLE_OBJC_WEAK = YES;
				CLANG_WARN_BLOCK_CAPTURE_AUTORELEASING = YES;
				CLANG_WARN_BOOL_CONVERSION = YES;
				CLANG_WARN_COMMA = YES;
				CLANG_WARN_CONSTANT_CONVERSION = YES;
				CLANG_WARN_DEPRECATED_OBJC_IMPLEMENTATIONS = YES;
				CLANG_WARN_DIRECT_OBJC_ISA_USAGE = YES_ERROR;
				CLANG_WARN_DOCUMENTATION_COMMENTS = YES;
				CLANG_WARN_EMPTY_BODY = YES;
				CLANG_WARN_ENUM_CONVERSION = YES;
				CLANG_WARN_INFINITE_RECURSION = YES;
				CLANG_WARN_INT_CONVERSION = YES;
				CLANG_WARN_NON_LITERAL_NULL_CONVERSION = YES;
				CLANG_WARN_OBJC_IMPLICIT_RETAIN_SELF = YES;
				CLANG_WARN_OBJC_LITERAL_CONVERSION = YES;
				CLANG_WARN_OBJC_ROOT_CLASS = YES_ERROR;
				CLANG_WARN_QUOTED_INCLUDE_IN_FRAMEWORK_HEADER = YES;
				CLANG_WARN_RANGE_LOOP_ANALYSIS = YES;
				CLANG_WARN_STRICT_PROTOTYPES = YES;
				CLANG_WARN_SUSPICIOUS_MOVE = YES;
				CLANG_WARN_UNGUARDED_AVAILABILITY = YES_AGGRESSIVE;
				CLANG_WARN_UNREACHABLE_CODE = YES;
				CLANG_WARN__DUPLICATE_METHOD_MATCH = YES;
				COPY_PHASE_STRIP = NO;
				DEBUG_INFORMATION_FORMAT = dwarf;
				ENABLE_STRICT_OBJC_MSGSEND = YES;
				ENABLE_TESTABILITY = YES;
				ENABLE_USER_SCRIPT_SANDBOXING = YES;
				GCC_C_LANGUAGE_STANDARD = gnu17;
				GCC_DYNAMIC_NO_PIC = NO;
				GCC_NO_COMMON_BLOCKS = YES;
				GCC_OPTIMIZATION_LEVEL = 0;
				GCC_PREPROCESSOR_DEFINITIONS = (
					"DEBUG=1",
					"$(inherited)",
				);
				GCC_WARN_64_TO_32_BIT_CONVERSION = YES;
				GCC_WARN_ABOUT_RETURN_TYPE = YES_ERROR;
				GCC_WARN_UNDECLARED_SELECTOR = YES;
				GCC_WARN_UNINITIALIZED_AUTOS = YES_AGGRESSIVE;
				GCC_WARN_UNUSED_FUNCTION = YES;
				GCC_WARN_UNUSED_VARIABLE = YES;
				IPHONEOS_DEPLOYMENT_TARGET = 17.5;
				LOCALIZATION_PREFERS_STRING_CATALOGS = YES;
				MTL_ENABLE_DEBUG_INFO = INCLUDE_SOURCE;
				MTL_FAST_MATH = YES;
				ONLY_ACTIVE_ARCH = YES;
				SDKROOT = iphoneos;
				SWIFT_ACTIVE_COMPILATION_CONDITIONS = "DEBUG $(inherited)";
				SWIFT_OPTIMIZATION_LEVEL = "-Onone";
			};
			name = Debug;
		};
		2EC868F62C1C805C007BC170 /* Release */ = {
			isa = XCBuildConfiguration;
			buildSettings = {
				ALWAYS_SEARCH_USER_PATHS = NO;
				ASSETCATALOG_COMPILER_GENERATE_SWIFT_ASSET_SYMBOL_EXTENSIONS = YES;
				CLANG_ANALYZER_NONNULL = YES;
				CLANG_ANALYZER_NUMBER_OBJECT_CONVERSION = YES_AGGRESSIVE;
				CLANG_CXX_LANGUAGE_STANDARD = "gnu++20";
				CLANG_ENABLE_MODULES = YES;
				CLANG_ENABLE_OBJC_ARC = YES;
				CLANG_ENABLE_OBJC_WEAK = YES;
				CLANG_WARN_BLOCK_CAPTURE_AUTORELEASING = YES;
				CLANG_WARN_BOOL_CONVERSION = YES;
				CLANG_WARN_COMMA = YES;
				CLANG_WARN_CONSTANT_CONVERSION = YES;
				CLANG_WARN_DEPRECATED_OBJC_IMPLEMENTATIONS = YES;
				CLANG_WARN_DIRECT_OBJC_ISA_USAGE = YES_ERROR;
				CLANG_WARN_DOCUMENTATION_COMMENTS = YES;
				CLANG_WARN_EMPTY_BODY = YES;
				CLANG_WARN_ENUM_CONVERSION = YES;
				CLANG_WARN_INFINITE_RECURSION = YES;
				CLANG_WARN_INT_CONVERSION = YES;
				CLANG_WARN_NON_LITERAL_NULL_CONVERSION = YES;
				CLANG_WARN_OBJC_IMPLICIT_RETAIN_SELF = YES;
				CLANG_WARN_OBJC_LITERAL_CONVERSION = YES;
				CLANG_WARN_OBJC_ROOT_CLASS = YES_ERROR;
				CLANG_WARN_QUOTED_INCLUDE_IN_FRAMEWORK_HEADER = YES;
				CLANG_WARN_RANGE_LOOP_ANALYSIS = YES;
				CLANG_WARN_STRICT_PROTOTYPES = YES;
				CLANG_WARN_SUSPICIOUS_MOVE = YES;
				CLANG_WARN_UNGUARDED_AVAILABILITY = YES_AGGRESSIVE;
				CLANG_WARN_UNREACHABLE_CODE = YES;
				CLANG_WARN__DUPLICATE_METHOD_MATCH = YES;
				COPY_PHASE_STRIP = NO;
				DEBUG_INFORMATION_FORMAT = "dwarf-with-dsym";
				ENABLE_NS_ASSERTIONS = NO;
				ENABLE_STRICT_OBJC_MSGSEND = YES;
				ENABLE_USER_SCRIPT_SANDBOXING = YES;
				GCC_C_LANGUAGE_STANDARD = gnu17;
				GCC_NO_COMMON_BLOCKS = YES;
				GCC_WARN_64_TO_32_BIT_CONVERSION = YES;
				GCC_WARN_ABOUT_RETURN_TYPE = YES_ERROR;
				GCC_WARN_UNDECLARED_SELECTOR = YES;
				GCC_WARN_UNINITIALIZED_AUTOS = YES_AGGRESSIVE;
				GCC_WARN_UNUSED_FUNCTION = YES;
				GCC_WARN_UNUSED_VARIABLE = YES;
				IPHONEOS_DEPLOYMENT_TARGET = 17.5;
				LOCALIZATION_PREFERS_STRING_CATALOGS = YES;
				MTL_ENABLE_DEBUG_INFO = NO;
				MTL_FAST_MATH = YES;
				SDKROOT = iphoneos;
				SWIFT_COMPILATION_MODE = wholemodule;
				VALIDATE_PRODUCT = YES;
			};
			name = Release;
		};
		2EC868F82C1C805C007BC170 /* Debug */ = {
			isa = XCBuildConfiguration;
			buildSettings = {
				ASSETCATALOG_COMPILER_APPICON_NAME = AppIcon;
				ASSETCATALOG_COMPILER_GLOBAL_ACCENT_COLOR_NAME = AccentColor;
				CODE_SIGN_ENTITLEMENTS = TvRemoteControllerSamsung/TvRemoteControllerSamsung.entitlements;
				CODE_SIGN_STYLE = Automatic;
				CURRENT_PROJECT_VERSION = 1;
				DEVELOPMENT_TEAM = "";
				GENERATE_INFOPLIST_FILE = YES;
				INFOPLIST_FILE = TvRemoteControllerSamsung/Info.plist;
				INFOPLIST_KEY_NSLocalNetworkUsageDescription = "App needs access to local network to function as a TV remote controller.";
				INFOPLIST_KEY_NSLocationAlwaysAndWhenInUseUsageDescription = "Application requires user’s location for better user experience.";
				INFOPLIST_KEY_NSLocationAlwaysUsageDescription = "Application requires user’s location for better user experience.";
				INFOPLIST_KEY_NSLocationWhenInUseUsageDescription = "Application requires user’s location for better user experience.";
				INFOPLIST_KEY_NSVideoSubscriberAccountUsageDescription = "This app needs access to your local network to communicate with your Samsung TV.";
				INFOPLIST_KEY_UIApplicationSupportsIndirectInputEvents = YES;
				INFOPLIST_KEY_UILaunchStoryboardName = LaunchScreen;
				INFOPLIST_KEY_UISupportedInterfaceOrientations = UIInterfaceOrientationPortrait;
				INFOPLIST_KEY_UISupportedInterfaceOrientations_iPad = "UIInterfaceOrientationLandscapeLeft UIInterfaceOrientationLandscapeRight UIInterfaceOrientationPortrait UIInterfaceOrientationPortraitUpsideDown";
				IPHONEOS_DEPLOYMENT_TARGET = 16.0;
				LD_RUNPATH_SEARCH_PATHS = (
					"$(inherited)",
					"@executable_path/Frameworks",
				);
				MARKETING_VERSION = 1.0;
				PRODUCT_BUNDLE_IDENTIFIER = com.test.testtv;
				PRODUCT_NAME = "$(TARGET_NAME)";
				SWIFT_EMIT_LOC_STRINGS = YES;
				SWIFT_VERSION = 5.0;
				TARGETED_DEVICE_FAMILY = "1,2";
			};
			name = Debug;
		};
		2EC868F92C1C805C007BC170 /* Release */ = {
			isa = XCBuildConfiguration;
			buildSettings = {
				ASSETCATALOG_COMPILER_APPICON_NAME = AppIcon;
				ASSETCATALOG_COMPILER_GLOBAL_ACCENT_COLOR_NAME = AccentColor;
				CODE_SIGN_ENTITLEMENTS = TvRemoteControllerSamsung/TvRemoteControllerSamsung.entitlements;
				CODE_SIGN_STYLE = Automatic;
				CURRENT_PROJECT_VERSION = 1;
				DEVELOPMENT_TEAM = "";
				GENERATE_INFOPLIST_FILE = YES;
				INFOPLIST_FILE = TvRemoteControllerSamsung/Info.plist;
				INFOPLIST_KEY_NSLocalNetworkUsageDescription = "App needs access to local network to function as a TV remote controller.";
				INFOPLIST_KEY_NSLocationAlwaysAndWhenInUseUsageDescription = "Application requires user’s location for better user experience.";
				INFOPLIST_KEY_NSLocationAlwaysUsageDescription = "Application requires user’s location for better user experience.";
				INFOPLIST_KEY_NSLocationWhenInUseUsageDescription = "Application requires user’s location for better user experience.";
				INFOPLIST_KEY_NSVideoSubscriberAccountUsageDescription = "This app needs access to your local network to communicate with your Samsung TV.";
				INFOPLIST_KEY_UIApplicationSupportsIndirectInputEvents = YES;
				INFOPLIST_KEY_UILaunchStoryboardName = LaunchScreen;
				INFOPLIST_KEY_UISupportedInterfaceOrientations = UIInterfaceOrientationPortrait;
				INFOPLIST_KEY_UISupportedInterfaceOrientations_iPad = "UIInterfaceOrientationLandscapeLeft UIInterfaceOrientationLandscapeRight UIInterfaceOrientationPortrait UIInterfaceOrientationPortraitUpsideDown";
				IPHONEOS_DEPLOYMENT_TARGET = 16.0;
				LD_RUNPATH_SEARCH_PATHS = (
					"$(inherited)",
					"@executable_path/Frameworks",
				);
				MARKETING_VERSION = 1.0;
				PRODUCT_BUNDLE_IDENTIFIER = com.test.testtv;
				PRODUCT_NAME = "$(TARGET_NAME)";
				SWIFT_EMIT_LOC_STRINGS = YES;
				SWIFT_VERSION = 5.0;
				TARGETED_DEVICE_FAMILY = "1,2";
			};
			name = Release;
		};
/* End XCBuildConfiguration section */

/* Begin XCConfigurationList section */
		2EC868DE2C1C805B007BC170 /* Build configuration list for PBXProject "TvRemoteControllerSamsung" */ = {
			isa = XCConfigurationList;
			buildConfigurations = (
				2EC868F52C1C805C007BC170 /* Debug */,
				2EC868F62C1C805C007BC170 /* Release */,
			);
			defaultConfigurationIsVisible = 0;
			defaultConfigurationName = Release;
		};
		2EC868F72C1C805C007BC170 /* Build configuration list for PBXNativeTarget "TvRemoteControllerSamsung" */ = {
			isa = XCConfigurationList;
			buildConfigurations = (
				2EC868F82C1C805C007BC170 /* Debug */,
				2EC868F92C1C805C007BC170 /* Release */,
			);
			defaultConfigurationIsVisible = 0;
			defaultConfigurationName = Release;
		};
/* End XCConfigurationList section */

/* Begin XCRemoteSwiftPackageReference section */
		2EC869012C1C86DD007BC170 /* XCRemoteSwiftPackageReference "TVCommanderKit" */ = {
			isa = XCRemoteSwiftPackageReference;
			repositoryURL = "https://github.com/wdesimini/TVCommanderKit.git";
			requirement = {
				branch = main;
				kind = branch;
			};
		};
/* End XCRemoteSwiftPackageReference section */

/* Begin XCSwiftPackageProductDependency section */
		2EC869022C1C86DD007BC170 /* TVCommanderKit */ = {
			isa = XCSwiftPackageProductDependency;
			package = 2EC869012C1C86DD007BC170 /* XCRemoteSwiftPackageReference "TVCommanderKit" */;
			productName = TVCommanderKit;
		};
/* End XCSwiftPackageProductDependency section */
	};
	rootObject = 2EC868DB2C1C805B007BC170 /* Project object */;
}
